
Microsoft Visual Studio Solution File, Format Version 12.00
# Visual Studio 14
VisualStudioVersion = 14.0.25420.1
MinimumVisualStudioVersion = 10.0.40219.1
Project("{2150E333-8FDC-42A3-9474-1A3956D46DE8}") = "src", "src", "{CEA1F6A7-ACA0-4B5B-BEE0-23AEB7E30A7D}"
EndProject
Project("{2150E333-8FDC-42A3-9474-1A3956D46DE8}") = "test", "test", "{70946FFB-B575-4B2F-A174-3BDD93100097}"
EndProject
Project("{2150E333-8FDC-42A3-9474-1A3956D46DE8}") = "demo", "demo", "{1644F771-3A1F-40A4-80AA-CDB22B334F1F}"
EndProject
Project("{FAE04EC0-301F-11D3-BF4B-00C04F79EFBC}") = "WebApi2.RedisOutputCache.Tests", "test\WebApi2.RedisOutputCache.Tests\WebApi2.RedisOutputCache.Tests.csproj", "{1267460B-C100-48AD-B2E2-9DDE2E40F052}"
EndProject
Project("{FAE04EC0-301F-11D3-BF4B-00C04F79EFBC}") = "WebApi2.RedisOutputCache_Net46", "src\WebApi2.RedisOutputCache_Net46\WebApi2.RedisOutputCache_Net46.csproj", "{7A6F57F6-38E1-4287-812E-AD7D1025BA5E}"
EndProject
Project("{FAE04EC0-301F-11D3-BF4B-00C04F79EFBC}") = "WebApi2.RedisOutputCache.Core.Tests", "test\WebApi2.RedisOutputCache.Core.Tests\WebApi2.RedisOutputCache.Core.Tests.csproj", "{44F519D6-E825-442C-A112-B5C4404EAA44}"
EndProject
Project("{FAE04EC0-301F-11D3-BF4B-00C04F79EFBC}") = "WebApi2.RedisOutputCache.Demo", "sample\WebApi2.RedisOutputCache.Demo\WebApi2.RedisOutputCache.Demo.csproj", "{2759D3A9-F19D-43D6-AF72-5385C811DE13}"
EndProject
Project("{FAE04EC0-301F-11D3-BF4B-00C04F79EFBC}") = "WebApi2.RedisOutputCache_Net46.StrongName", "src\WebApi2.RedisOutputCache_Net46.StrongName\WebApi2.RedisOutputCache_Net46.StrongName.csproj", "{6E179BD0-9E42-4B5D-9926-06E5490E65A1}"
EndProject
Global
	GlobalSection(SolutionConfigurationPlatforms) = preSolution
		Debug|Any CPU = Debug|Any CPU
		Release|Any CPU = Release|Any CPU
	EndGlobalSection
	GlobalSection(ProjectConfigurationPlatforms) = postSolution
		{1267460B-C100-48AD-B2E2-9DDE2E40F052}.Debug|Any CPU.ActiveCfg = Debug|Any CPU
		{1267460B-C100-48AD-B2E2-9DDE2E40F052}.Debug|Any CPU.Build.0 = Debug|Any CPU
		{1267460B-C100-48AD-B2E2-9DDE2E40F052}.Release|Any CPU.ActiveCfg = Release|Any CPU
		{1267460B-C100-48AD-B2E2-9DDE2E40F052}.Release|Any CPU.Build.0 = Release|Any CPU
		{7A6F57F6-38E1-4287-812E-AD7D1025BA5E}.Debug|Any CPU.ActiveCfg = Debug|Any CPU
		{7A6F57F6-38E1-4287-812E-AD7D1025BA5E}.Debug|Any CPU.Build.0 = Debug|Any CPU
		{7A6F57F6-38E1-4287-812E-AD7D1025BA5E}.Release|Any CPU.ActiveCfg = Release|Any CPU
		{7A6F57F6-38E1-4287-812E-AD7D1025BA5E}.Release|Any CPU.Build.0 = Release|Any CPU
		{44F519D6-E825-442C-A112-B5C4404EAA44}.Debug|Any CPU.ActiveCfg = Debug|Any CPU
		{44F519D6-E825-442C-A112-B5C4404EAA44}.Debug|Any CPU.Build.0 = Debug|Any CPU
		{44F519D6-E825-442C-A112-B5C4404EAA44}.Release|Any CPU.ActiveCfg = Release|Any CPU
		{44F519D6-E825-442C-A112-B5C4404EAA44}.Release|Any CPU.Build.0 = Release|Any CPU
		{2759D3A9-F19D-43D6-AF72-5385C811DE13}.Debug|Any CPU.ActiveCfg = Debug|Any CPU
		{2759D3A9-F19D-43D6-AF72-5385C811DE13}.Debug|Any CPU.Build.0 = Debug|Any CPU
		{2759D3A9-F19D-43D6-AF72-5385C811DE13}.Release|Any CPU.ActiveCfg = Release|Any CPU
		{2759D3A9-F19D-43D6-AF72-5385C811DE13}.Release|Any CPU.Build.0 = Release|Any CPU
		{6E179BD0-9E42-4B5D-9926-06E5490E65A1}.Debug|Any CPU.ActiveCfg = Debug|Any CPU
		{6E179BD0-9E42-4B5D-9926-06E5490E65A1}.Debug|Any CPU.Build.0 = Debug|Any CPU
		{6E179BD0-9E42-4B5D-9926-06E5490E65A1}.Release|Any CPU.ActiveCfg = Release|Any CPU
		{6E179BD0-9E42-4B5D-9926-06E5490E65A1}.Release|Any CPU.Build.0 = Release|Any CPU
	EndGlobalSection
	GlobalSection(SolutionProperties) = preSolution
		HideSolutionNode = FALSE
	EndGlobalSection
	GlobalSection(NestedProjects) = preSolution
		{1267460B-C100-48AD-B2E2-9DDE2E40F052} = {70946FFB-B575-4B2F-A174-3BDD93100097}
		{7A6F57F6-38E1-4287-812E-AD7D1025BA5E} = {CEA1F6A7-ACA0-4B5B-BEE0-23AEB7E30A7D}
		{44F519D6-E825-442C-A112-B5C4404EAA44} = {70946FFB-B575-4B2F-A174-3BDD93100097}
		{2759D3A9-F19D-43D6-AF72-5385C811DE13} = {1644F771-3A1F-40A4-80AA-CDB22B334F1F}
		{6E179BD0-9E42-4B5D-9926-06E5490E65A1} = {CEA1F6A7-ACA0-4B5B-BEE0-23AEB7E30A7D}
	EndGlobalSection
EndGlobal
